
Microsoft Visual Studio Solution File, Format Version 12.00
# Visual Studio 15
VisualStudioVersion = 15.0.28010.2050
MinimumVisualStudioVersion = 10.0.40219.1
Project("{8BC9CEB8-8B4A-11D0-8D11-00A0C91BC942}") = "20142304", "20142304\20142304.vcxproj", "{F53722C8-B6F4-421A-9BC5-6F23F4B3CAF3}"
EndProject
Project("{54435603-DBB4-11D2-8724-00A0C9A8B90C}") = "20142304Setup", "20142304Setup\20142304Setup.vdproj", "{82CB543B-7651-47F8-8F73-8ED2698B5BF4}"
EndProject
Global
	GlobalSection(SolutionConfigurationPlatforms) = preSolution
		Debug|x64 = Debug|x64
		Debug|x86 = Debug|x86
		Release|x64 = Release|x64
		Release|x86 = Release|x86
	EndGlobalSection
	GlobalSection(ProjectConfigurationPlatforms) = postSolution
		{F53722C8-B6F4-421A-9BC5-6F23F4B3CAF3}.Debug|x64.ActiveCfg = Debug|x64
		{F53722C8-B6F4-421A-9BC5-6F23F4B3CAF3}.Debug|x64.Build.0 = Debug|x64
		{F53722C8-B6F4-421A-9BC5-6F23F4B3CAF3}.Debug|x86.ActiveCfg = Debug|Win32
		{F53722C8-B6F4-421A-9BC5-6F23F4B3CAF3}.Debug|x86.Build.0 = Debug|Win32
		{F53722C8-B6F4-421A-9BC5-6F23F4B3CAF3}.Release|x64.ActiveCfg = Release|x64
		{F53722C8-B6F4-421A-9BC5-6F23F4B3CAF3}.Release|x64.Build.0 = Release|x64
		{F53722C8-B6F4-421A-9BC5-6F23F4B3CAF3}.Release|x86.ActiveCfg = Release|Win32
		{F53722C8-B6F4-421A-9BC5-6F23F4B3CAF3}.Release|x86.Build.0 = Release|Win32
		{82CB543B-7651-47F8-8F73-8ED2698B5BF4}.Debug|x64.ActiveCfg = Debug
		{82CB543B-7651-47F8-8F73-8ED2698B5BF4}.Debug|x86.ActiveCfg = Debug
		{82CB543B-7651-47F8-8F73-8ED2698B5BF4}.Release|x64.ActiveCfg = Release
		{82CB543B-7651-47F8-8F73-8ED2698B5BF4}.Release|x86.ActiveCfg = Release
	EndGlobalSection
	GlobalSection(SolutionProperties) = preSolution
		HideSolutionNode = FALSE
	EndGlobalSection
	GlobalSection(ExtensibilityGlobals) = postSolution
		SolutionGuid = {389EB85D-10AF-4849-963A-9C27AAE9669B}
	EndGlobalSection
EndGlobal
